// !$*UTF8*$!
{
	archiveVersion = 1;
	classes = {
	};
	objectVersion = 48;
	objects = {

/* Begin PBXBuildFile section */
		283FF7B0205C0C5F0038029C /* AppDelegate.swift in Sources */ = {isa = PBXBuildFile; fileRef = 3D63CDBD2055D33900ACC8C2 /* AppDelegate.swift */; };
		283FF7B1205C0E880038029C /* parkinson.xcdatamodeld in Sources */ = {isa = PBXBuildFile; fileRef = 3D63CDC42055D33900ACC8C2 /* parkinson.xcdatamodeld */; };
		283FF7B2205C0EF20038029C /* ActivitiesViewController.swift in Sources */ = {isa = PBXBuildFile; fileRef = 3D2597C420573B1400D00716 /* ActivitiesViewController.swift */; };
		283FF7B4205C2C980038029C /* EvaluationSet.swift in Sources */ = {isa = PBXBuildFile; fileRef = 283FF7B3205C2C980038029C /* EvaluationSet.swift */; };
		283FF7B5205C2C980038029C /* EvaluationSet.swift in Sources */ = {isa = PBXBuildFile; fileRef = 283FF7B3205C2C980038029C /* EvaluationSet.swift */; };
		284CE4A4205AF8F6000551AD /* AppointmentSet.swift in Sources */ = {isa = PBXBuildFile; fileRef = 3D63CE022055DB0100ACC8C2 /* AppointmentSet.swift */; };
		284CE4A5205AF902000551AD /* Appointment.swift in Sources */ = {isa = PBXBuildFile; fileRef = 3D63CDFE2055DB0100ACC8C2 /* Appointment.swift */; };
		284CE4A6205AF920000551AD /* AppointmentSetDelegate.swift in Sources */ = {isa = PBXBuildFile; fileRef = 3D63CE162055DB8B00ACC8C2 /* AppointmentSetDelegate.swift */; };
		284CE4A7205AF939000551AD /* Activity.swift in Sources */ = {isa = PBXBuildFile; fileRef = 3D63CE032055DB0200ACC8C2 /* Activity.swift */; };
		284CE4A8205AF93C000551AD /* ActivitySet.swift in Sources */ = {isa = PBXBuildFile; fileRef = 3D63CE042055DB0200ACC8C2 /* ActivitySet.swift */; };
		284CE4A9205AF943000551AD /* Dose.swift in Sources */ = {isa = PBXBuildFile; fileRef = 3D63CDFC2055DB0100ACC8C2 /* Dose.swift */; };
		284CE4AA205AF946000551AD /* DoseSet.swift in Sources */ = {isa = PBXBuildFile; fileRef = 3D63CDFF2055DB0100ACC8C2 /* DoseSet.swift */; };
		284CE4AB205AF949000551AD /* Evaluation.swift in Sources */ = {isa = PBXBuildFile; fileRef = 3D63CE002055DB0100ACC8C2 /* Evaluation.swift */; };
		284CE4AC205AF94B000551AD /* Practice.swift in Sources */ = {isa = PBXBuildFile; fileRef = 3D63CE062055DB0200ACC8C2 /* Practice.swift */; };
		284CE4AD205AF94E000551AD /* PracticesSet.swift in Sources */ = {isa = PBXBuildFile; fileRef = 3D63CDFB2055DB0100ACC8C2 /* PracticesSet.swift */; };
		284CE4AE205AF955000551AD /* State.swift in Sources */ = {isa = PBXBuildFile; fileRef = 3D63CE012055DB0100ACC8C2 /* State.swift */; };
		284CE4AF205AF960000551AD /* Treatment.swift in Sources */ = {isa = PBXBuildFile; fileRef = 3D63CDFD2055DB0100ACC8C2 /* Treatment.swift */; };
		284CE4B0205AF963000551AD /* TreatmentSet.swift in Sources */ = {isa = PBXBuildFile; fileRef = 3D63CE052055DB0200ACC8C2 /* TreatmentSet.swift */; };
		284CE4B1205AF96B000551AD /* Patient.swift in Sources */ = {isa = PBXBuildFile; fileRef = 52DB6992205AB6A100D4D5F0 /* Patient.swift */; };
		284CE4B2205AF96F000551AD /* Factory.swift in Sources */ = {isa = PBXBuildFile; fileRef = 52DB6994205AB86000D4D5F0 /* Factory.swift */; };
		284CE4B3205AF97E000551AD /* DAOcoreDataActivity.swift in Sources */ = {isa = PBXBuildFile; fileRef = 3D2597C9205840F400D00716 /* DAOcoreDataActivity.swift */; };
		284CE4B4205AF982000551AD /* DAOcoreDataTreatment.swift in Sources */ = {isa = PBXBuildFile; fileRef = 52DB6996205ABABC00D4D5F0 /* DAOcoreDataTreatment.swift */; };
		284CE4B5205AF99A000551AD /* ActivitySetDelegate.swift in Sources */ = {isa = PBXBuildFile; fileRef = 3D63CE172055DB8B00ACC8C2 /* ActivitySetDelegate.swift */; };
		284CE4B6205AF99F000551AD /* DoseSetDelegate.swift in Sources */ = {isa = PBXBuildFile; fileRef = 3D63CE142055DB8B00ACC8C2 /* DoseSetDelegate.swift */; };
		284CE4B7205AF9A3000551AD /* EvaluationSetDelegate.swift in Sources */ = {isa = PBXBuildFile; fileRef = 3D63CE192055DB8C00ACC8C2 /* EvaluationSetDelegate.swift */; };
		284CE4B8205AF9A6000551AD /* PracticeSetDelegate.swift in Sources */ = {isa = PBXBuildFile; fileRef = 3D63CE182055DB8B00ACC8C2 /* PracticeSetDelegate.swift */; };
		284CE4B9205AF9AF000551AD /* TreatmentSetDelegate.swift in Sources */ = {isa = PBXBuildFile; fileRef = 3D63CE152055DB8B00ACC8C2 /* TreatmentSetDelegate.swift */; };
		284CE4BA205AF9B5000551AD /* DAOactivityProtocol.swift in Sources */ = {isa = PBXBuildFile; fileRef = 28D79D71205ACEE3001C2BD7 /* DAOactivityProtocol.swift */; };
		284CE4BB205AF9B9000551AD /* DAOtreatmentProtocol.swift in Sources */ = {isa = PBXBuildFile; fileRef = 28D79D73205ACEF9001C2BD7 /* DAOtreatmentProtocol.swift */; };
		284CE4BC205AF9BC000551AD /* DAOappointmentProtocol.swift in Sources */ = {isa = PBXBuildFile; fileRef = 28D79D75205AD081001C2BD7 /* DAOappointmentProtocol.swift */; };
		284CE4BE205AFAE6000551AD /* TypeOfState.swift in Sources */ = {isa = PBXBuildFile; fileRef = 284CE4BD205AFAE6000551AD /* TypeOfState.swift */; };
		284CE4BF205AFAE6000551AD /* TypeOfState.swift in Sources */ = {isa = PBXBuildFile; fileRef = 284CE4BD205AFAE6000551AD /* TypeOfState.swift */; };
		28C1E71B2058236100368EF0 /* DailyDose.swift in Sources */ = {isa = PBXBuildFile; fileRef = 28C1E71A2058236100368EF0 /* DailyDose.swift */; };
		28C1E71C2058236100368EF0 /* DailyDose.swift in Sources */ = {isa = PBXBuildFile; fileRef = 28C1E71A2058236100368EF0 /* DailyDose.swift */; };
		28D79D72205ACEE3001C2BD7 /* DAOactivityProtocol.swift in Sources */ = {isa = PBXBuildFile; fileRef = 28D79D71205ACEE3001C2BD7 /* DAOactivityProtocol.swift */; };
		28D79D74205ACEF9001C2BD7 /* DAOtreatmentProtocol.swift in Sources */ = {isa = PBXBuildFile; fileRef = 28D79D73205ACEF9001C2BD7 /* DAOtreatmentProtocol.swift */; };
		28D79D76205AD081001C2BD7 /* DAOappointmentProtocol.swift in Sources */ = {isa = PBXBuildFile; fileRef = 28D79D75205AD081001C2BD7 /* DAOappointmentProtocol.swift */; };
		28D79D79205AD59E001C2BD7 /* DAOcoreDataAppointment.swift in Sources */ = {isa = PBXBuildFile; fileRef = 28D79D78205AD59E001C2BD7 /* DAOcoreDataAppointment.swift */; };
		28D79D7A205AD59E001C2BD7 /* DAOcoreDataAppointment.swift in Sources */ = {isa = PBXBuildFile; fileRef = 28D79D78205AD59E001C2BD7 /* DAOcoreDataAppointment.swift */; };
		3D22A1CE205D4BE200DE0F75 /* ActivitiesTableViewController.swift in Sources */ = {isa = PBXBuildFile; fileRef = 3D22A1CD205D4BE200DE0F75 /* ActivitiesTableViewController.swift */; };
		3D22A1CF205D4BE200DE0F75 /* ActivitiesTableViewController.swift in Sources */ = {isa = PBXBuildFile; fileRef = 3D22A1CD205D4BE200DE0F75 /* ActivitiesTableViewController.swift */; };
		3D22A1D1205D4C4700DE0F75 /* ActivityTableViewCell.swift in Sources */ = {isa = PBXBuildFile; fileRef = 3D22A1D0205D4C4700DE0F75 /* ActivityTableViewCell.swift */; };
		3D22A1D2205D4C4700DE0F75 /* ActivityTableViewCell.swift in Sources */ = {isa = PBXBuildFile; fileRef = 3D22A1D0205D4C4700DE0F75 /* ActivityTableViewCell.swift */; };
		3D2597C520573B1400D00716 /* ActivitiesViewController.swift in Sources */ = {isa = PBXBuildFile; fileRef = 3D2597C420573B1400D00716 /* ActivitiesViewController.swift */; };
		3D2597CA205840F400D00716 /* DAOcoreDataActivity.swift in Sources */ = {isa = PBXBuildFile; fileRef = 3D2597C9205840F400D00716 /* DAOcoreDataActivity.swift */; };
		3D2597CC205C429100D00716 /* ActivityPeriodiciyViewController.swift in Sources */ = {isa = PBXBuildFile; fileRef = 3D2597CB205C429100D00716 /* ActivityPeriodiciyViewController.swift */; };
		3D464FAD205C589400BF8A53 /* TabBarController.swift in Sources */ = {isa = PBXBuildFile; fileRef = 3D464FAC205C589400BF8A53 /* TabBarController.swift */; };
		3D63CDBE2055D33900ACC8C2 /* AppDelegate.swift in Sources */ = {isa = PBXBuildFile; fileRef = 3D63CDBD2055D33900ACC8C2 /* AppDelegate.swift */; };
		3D63CDC02055D33900ACC8C2 /* ViewController.swift in Sources */ = {isa = PBXBuildFile; fileRef = 3D63CDBF2055D33900ACC8C2 /* ViewController.swift */; };
		3D63CDC32055D33900ACC8C2 /* Main.storyboard in Resources */ = {isa = PBXBuildFile; fileRef = 3D63CDC12055D33900ACC8C2 /* Main.storyboard */; };
		3D63CDC62055D33900ACC8C2 /* parkinson.xcdatamodeld in Sources */ = {isa = PBXBuildFile; fileRef = 3D63CDC42055D33900ACC8C2 /* parkinson.xcdatamodeld */; };
		3D63CDC82055D33900ACC8C2 /* Assets.xcassets in Resources */ = {isa = PBXBuildFile; fileRef = 3D63CDC72055D33900ACC8C2 /* Assets.xcassets */; };
		3D63CDCB2055D33900ACC8C2 /* LaunchScreen.storyboard in Resources */ = {isa = PBXBuildFile; fileRef = 3D63CDC92055D33900ACC8C2 /* LaunchScreen.storyboard */; };
		3D63CDD62055D33A00ACC8C2 /* parkinsonTests.swift in Sources */ = {isa = PBXBuildFile; fileRef = 3D63CDD52055D33A00ACC8C2 /* parkinsonTests.swift */; };
		3D63CDE12055D33A00ACC8C2 /* parkinsonUITests.swift in Sources */ = {isa = PBXBuildFile; fileRef = 3D63CDE02055D33A00ACC8C2 /* parkinsonUITests.swift */; };
		3D63CE072055DB0200ACC8C2 /* PracticesSet.swift in Sources */ = {isa = PBXBuildFile; fileRef = 3D63CDFB2055DB0100ACC8C2 /* PracticesSet.swift */; };
		3D63CE082055DB0200ACC8C2 /* Dose.swift in Sources */ = {isa = PBXBuildFile; fileRef = 3D63CDFC2055DB0100ACC8C2 /* Dose.swift */; };
		3D63CE092055DB0200ACC8C2 /* Treatment.swift in Sources */ = {isa = PBXBuildFile; fileRef = 3D63CDFD2055DB0100ACC8C2 /* Treatment.swift */; };
		3D63CE0A2055DB0200ACC8C2 /* Appointment.swift in Sources */ = {isa = PBXBuildFile; fileRef = 3D63CDFE2055DB0100ACC8C2 /* Appointment.swift */; };
		3D63CE0B2055DB0200ACC8C2 /* DoseSet.swift in Sources */ = {isa = PBXBuildFile; fileRef = 3D63CDFF2055DB0100ACC8C2 /* DoseSet.swift */; };
		3D63CE0C2055DB0200ACC8C2 /* Evaluation.swift in Sources */ = {isa = PBXBuildFile; fileRef = 3D63CE002055DB0100ACC8C2 /* Evaluation.swift */; };
		3D63CE0D2055DB0200ACC8C2 /* State.swift in Sources */ = {isa = PBXBuildFile; fileRef = 3D63CE012055DB0100ACC8C2 /* State.swift */; };
		3D63CE0E2055DB0200ACC8C2 /* AppointmentSet.swift in Sources */ = {isa = PBXBuildFile; fileRef = 3D63CE022055DB0100ACC8C2 /* AppointmentSet.swift */; };
		3D63CE0F2055DB0200ACC8C2 /* Activity.swift in Sources */ = {isa = PBXBuildFile; fileRef = 3D63CE032055DB0200ACC8C2 /* Activity.swift */; };
		3D63CE102055DB0200ACC8C2 /* ActivitySet.swift in Sources */ = {isa = PBXBuildFile; fileRef = 3D63CE042055DB0200ACC8C2 /* ActivitySet.swift */; };
		3D63CE112055DB0200ACC8C2 /* TreatmentSet.swift in Sources */ = {isa = PBXBuildFile; fileRef = 3D63CE052055DB0200ACC8C2 /* TreatmentSet.swift */; };
		3D63CE122055DB0200ACC8C2 /* Practice.swift in Sources */ = {isa = PBXBuildFile; fileRef = 3D63CE062055DB0200ACC8C2 /* Practice.swift */; };
		3D63CE1A2055DB8C00ACC8C2 /* DoseSetDelegate.swift in Sources */ = {isa = PBXBuildFile; fileRef = 3D63CE142055DB8B00ACC8C2 /* DoseSetDelegate.swift */; };
		3D63CE1B2055DB8C00ACC8C2 /* TreatmentSetDelegate.swift in Sources */ = {isa = PBXBuildFile; fileRef = 3D63CE152055DB8B00ACC8C2 /* TreatmentSetDelegate.swift */; };
		3D63CE1C2055DB8C00ACC8C2 /* AppointmentSetDelegate.swift in Sources */ = {isa = PBXBuildFile; fileRef = 3D63CE162055DB8B00ACC8C2 /* AppointmentSetDelegate.swift */; };
		3D63CE1D2055DB8C00ACC8C2 /* ActivitySetDelegate.swift in Sources */ = {isa = PBXBuildFile; fileRef = 3D63CE172055DB8B00ACC8C2 /* ActivitySetDelegate.swift */; };
		3D63CE1E2055DB8C00ACC8C2 /* PracticeSetDelegate.swift in Sources */ = {isa = PBXBuildFile; fileRef = 3D63CE182055DB8B00ACC8C2 /* PracticeSetDelegate.swift */; };
		3D63CE1F2055DB8C00ACC8C2 /* EvaluationSetDelegate.swift in Sources */ = {isa = PBXBuildFile; fileRef = 3D63CE192055DB8C00ACC8C2 /* EvaluationSetDelegate.swift */; };
		3D63CE212055DBC700ACC8C2 /* Test.swift in Sources */ = {isa = PBXBuildFile; fileRef = 3D63CE202055DBC700ACC8C2 /* Test.swift */; };
		3DF1C417205D8A7C00A606C4 /* TimePickerTableViewCell.swift in Sources */ = {isa = PBXBuildFile; fileRef = 3DF1C416205D8A7C00A606C4 /* TimePickerTableViewCell.swift */; };
		3DF1C418205D8A7C00A606C4 /* TimePickerTableViewCell.swift in Sources */ = {isa = PBXBuildFile; fileRef = 3DF1C416205D8A7C00A606C4 /* TimePickerTableViewCell.swift */; };
		3DF1C41A205EA11400A606C4 /* Event.swift in Sources */ = {isa = PBXBuildFile; fileRef = 3DF1C419205EA11400A606C4 /* Event.swift */; };
		3DF1C41B205EA11400A606C4 /* Event.swift in Sources */ = {isa = PBXBuildFile; fileRef = 3DF1C419205EA11400A606C4 /* Event.swift */; };
		52DB6993205AB6A100D4D5F0 /* Patient.swift in Sources */ = {isa = PBXBuildFile; fileRef = 52DB6992205AB6A100D4D5F0 /* Patient.swift */; };
		52DB6995205AB86000D4D5F0 /* Factory.swift in Sources */ = {isa = PBXBuildFile; fileRef = 52DB6994205AB86000D4D5F0 /* Factory.swift */; };
		52DB6997205ABABC00D4D5F0 /* DAOcoreDataTreatment.swift in Sources */ = {isa = PBXBuildFile; fileRef = 52DB6996205ABABC00D4D5F0 /* DAOcoreDataTreatment.swift */; };
/* End PBXBuildFile section */

/* Begin PBXContainerItemProxy section */
		3D63CDD22055D33A00ACC8C2 /* PBXContainerItemProxy */ = {
			isa = PBXContainerItemProxy;
			containerPortal = 3D63CDB22055D33900ACC8C2 /* Project object */;
			proxyType = 1;
			remoteGlobalIDString = 3D63CDB92055D33900ACC8C2;
			remoteInfo = parkinson;
		};
		3D63CDDD2055D33A00ACC8C2 /* PBXContainerItemProxy */ = {
			isa = PBXContainerItemProxy;
			containerPortal = 3D63CDB22055D33900ACC8C2 /* Project object */;
			proxyType = 1;
			remoteGlobalIDString = 3D63CDB92055D33900ACC8C2;
			remoteInfo = parkinson;
		};
/* End PBXContainerItemProxy section */

/* Begin PBXFileReference section */
		283FF7B3205C2C980038029C /* EvaluationSet.swift */ = {isa = PBXFileReference; lastKnownFileType = sourcecode.swift; path = EvaluationSet.swift; sourceTree = "<group>"; };
		284CE4BD205AFAE6000551AD /* TypeOfState.swift */ = {isa = PBXFileReference; lastKnownFileType = sourcecode.swift; path = TypeOfState.swift; sourceTree = "<group>"; };
		28C1E71A2058236100368EF0 /* DailyDose.swift */ = {isa = PBXFileReference; fileEncoding = 4; lastKnownFileType = sourcecode.swift; path = DailyDose.swift; sourceTree = "<group>"; };
		28D79D71205ACEE3001C2BD7 /* DAOactivityProtocol.swift */ = {isa = PBXFileReference; fileEncoding = 4; lastKnownFileType = sourcecode.swift; path = DAOactivityProtocol.swift; sourceTree = "<group>"; };
		28D79D73205ACEF9001C2BD7 /* DAOtreatmentProtocol.swift */ = {isa = PBXFileReference; fileEncoding = 4; lastKnownFileType = sourcecode.swift; path = DAOtreatmentProtocol.swift; sourceTree = "<group>"; };
		28D79D75205AD081001C2BD7 /* DAOappointmentProtocol.swift */ = {isa = PBXFileReference; fileEncoding = 4; lastKnownFileType = sourcecode.swift; path = DAOappointmentProtocol.swift; sourceTree = "<group>"; };
		28D79D78205AD59E001C2BD7 /* DAOcoreDataAppointment.swift */ = {isa = PBXFileReference; fileEncoding = 4; lastKnownFileType = sourcecode.swift; path = DAOcoreDataAppointment.swift; sourceTree = "<group>"; };
		3D22A1CD205D4BE200DE0F75 /* ActivitiesTableViewController.swift */ = {isa = PBXFileReference; lastKnownFileType = sourcecode.swift; path = ActivitiesTableViewController.swift; sourceTree = "<group>"; };
		3D22A1D0205D4C4700DE0F75 /* ActivityTableViewCell.swift */ = {isa = PBXFileReference; lastKnownFileType = sourcecode.swift; path = ActivityTableViewCell.swift; sourceTree = "<group>"; };
		3D2597C420573B1400D00716 /* ActivitiesViewController.swift */ = {isa = PBXFileReference; lastKnownFileType = sourcecode.swift; path = ActivitiesViewController.swift; sourceTree = "<group>"; };
		3D2597C9205840F400D00716 /* DAOcoreDataActivity.swift */ = {isa = PBXFileReference; lastKnownFileType = sourcecode.swift; path = DAOcoreDataActivity.swift; sourceTree = "<group>"; };
		3D2597CB205C429100D00716 /* ActivityPeriodiciyViewController.swift */ = {isa = PBXFileReference; lastKnownFileType = sourcecode.swift; path = ActivityPeriodiciyViewController.swift; sourceTree = "<group>"; };
		3D464FAC205C589400BF8A53 /* TabBarController.swift */ = {isa = PBXFileReference; lastKnownFileType = sourcecode.swift; path = TabBarController.swift; sourceTree = "<group>"; };
		3D63CDBA2055D33900ACC8C2 /* parkinson.app */ = {isa = PBXFileReference; explicitFileType = wrapper.application; includeInIndex = 0; path = parkinson.app; sourceTree = BUILT_PRODUCTS_DIR; };
		3D63CDBD2055D33900ACC8C2 /* AppDelegate.swift */ = {isa = PBXFileReference; lastKnownFileType = sourcecode.swift; path = AppDelegate.swift; sourceTree = "<group>"; };
		3D63CDBF2055D33900ACC8C2 /* ViewController.swift */ = {isa = PBXFileReference; lastKnownFileType = sourcecode.swift; path = ViewController.swift; sourceTree = "<group>"; };
		3D63CDC22055D33900ACC8C2 /* Base */ = {isa = PBXFileReference; lastKnownFileType = file.storyboard; name = Base; path = Base.lproj/Main.storyboard; sourceTree = "<group>"; };
		3D63CDC52055D33900ACC8C2 /* parkinson.xcdatamodel */ = {isa = PBXFileReference; lastKnownFileType = wrapper.xcdatamodel; path = parkinson.xcdatamodel; sourceTree = "<group>"; };
		3D63CDC72055D33900ACC8C2 /* Assets.xcassets */ = {isa = PBXFileReference; lastKnownFileType = folder.assetcatalog; path = Assets.xcassets; sourceTree = "<group>"; };
		3D63CDCA2055D33900ACC8C2 /* Base */ = {isa = PBXFileReference; lastKnownFileType = file.storyboard; name = Base; path = Base.lproj/LaunchScreen.storyboard; sourceTree = "<group>"; };
		3D63CDCC2055D33900ACC8C2 /* Info.plist */ = {isa = PBXFileReference; lastKnownFileType = text.plist.xml; path = Info.plist; sourceTree = "<group>"; };
		3D63CDD12055D33A00ACC8C2 /* parkinsonTests.xctest */ = {isa = PBXFileReference; explicitFileType = wrapper.cfbundle; includeInIndex = 0; path = parkinsonTests.xctest; sourceTree = BUILT_PRODUCTS_DIR; };
		3D63CDD52055D33A00ACC8C2 /* parkinsonTests.swift */ = {isa = PBXFileReference; lastKnownFileType = sourcecode.swift; path = parkinsonTests.swift; sourceTree = "<group>"; };
		3D63CDD72055D33A00ACC8C2 /* Info.plist */ = {isa = PBXFileReference; lastKnownFileType = text.plist.xml; path = Info.plist; sourceTree = "<group>"; };
		3D63CDDC2055D33A00ACC8C2 /* parkinsonUITests.xctest */ = {isa = PBXFileReference; explicitFileType = wrapper.cfbundle; includeInIndex = 0; path = parkinsonUITests.xctest; sourceTree = BUILT_PRODUCTS_DIR; };
		3D63CDE02055D33A00ACC8C2 /* parkinsonUITests.swift */ = {isa = PBXFileReference; lastKnownFileType = sourcecode.swift; path = parkinsonUITests.swift; sourceTree = "<group>"; };
		3D63CDE22055D33A00ACC8C2 /* Info.plist */ = {isa = PBXFileReference; lastKnownFileType = text.plist.xml; path = Info.plist; sourceTree = "<group>"; };
		3D63CDFB2055DB0100ACC8C2 /* PracticesSet.swift */ = {isa = PBXFileReference; fileEncoding = 4; lastKnownFileType = sourcecode.swift; path = PracticesSet.swift; sourceTree = "<group>"; };
		3D63CDFC2055DB0100ACC8C2 /* Dose.swift */ = {isa = PBXFileReference; fileEncoding = 4; lastKnownFileType = sourcecode.swift; path = Dose.swift; sourceTree = "<group>"; };
		3D63CDFD2055DB0100ACC8C2 /* Treatment.swift */ = {isa = PBXFileReference; fileEncoding = 4; lastKnownFileType = sourcecode.swift; path = Treatment.swift; sourceTree = "<group>"; };
		3D63CDFE2055DB0100ACC8C2 /* Appointment.swift */ = {isa = PBXFileReference; fileEncoding = 4; lastKnownFileType = sourcecode.swift; path = Appointment.swift; sourceTree = "<group>"; };
		3D63CDFF2055DB0100ACC8C2 /* DoseSet.swift */ = {isa = PBXFileReference; fileEncoding = 4; lastKnownFileType = sourcecode.swift; path = DoseSet.swift; sourceTree = "<group>"; };
		3D63CE002055DB0100ACC8C2 /* Evaluation.swift */ = {isa = PBXFileReference; fileEncoding = 4; lastKnownFileType = sourcecode.swift; path = Evaluation.swift; sourceTree = "<group>"; };
		3D63CE012055DB0100ACC8C2 /* State.swift */ = {isa = PBXFileReference; fileEncoding = 4; lastKnownFileType = sourcecode.swift; path = State.swift; sourceTree = "<group>"; };
		3D63CE022055DB0100ACC8C2 /* AppointmentSet.swift */ = {isa = PBXFileReference; fileEncoding = 4; lastKnownFileType = sourcecode.swift; path = AppointmentSet.swift; sourceTree = "<group>"; };
		3D63CE032055DB0200ACC8C2 /* Activity.swift */ = {isa = PBXFileReference; fileEncoding = 4; lastKnownFileType = sourcecode.swift; path = Activity.swift; sourceTree = "<group>"; };
		3D63CE042055DB0200ACC8C2 /* ActivitySet.swift */ = {isa = PBXFileReference; fileEncoding = 4; lastKnownFileType = sourcecode.swift; path = ActivitySet.swift; sourceTree = "<group>"; };
		3D63CE052055DB0200ACC8C2 /* TreatmentSet.swift */ = {isa = PBXFileReference; fileEncoding = 4; lastKnownFileType = sourcecode.swift; path = TreatmentSet.swift; sourceTree = "<group>"; };
		3D63CE062055DB0200ACC8C2 /* Practice.swift */ = {isa = PBXFileReference; fileEncoding = 4; lastKnownFileType = sourcecode.swift; path = Practice.swift; sourceTree = "<group>"; };
		3D63CE142055DB8B00ACC8C2 /* DoseSetDelegate.swift */ = {isa = PBXFileReference; fileEncoding = 4; lastKnownFileType = sourcecode.swift; path = DoseSetDelegate.swift; sourceTree = "<group>"; };
		3D63CE152055DB8B00ACC8C2 /* TreatmentSetDelegate.swift */ = {isa = PBXFileReference; fileEncoding = 4; lastKnownFileType = sourcecode.swift; path = TreatmentSetDelegate.swift; sourceTree = "<group>"; };
		3D63CE162055DB8B00ACC8C2 /* AppointmentSetDelegate.swift */ = {isa = PBXFileReference; fileEncoding = 4; lastKnownFileType = sourcecode.swift; path = AppointmentSetDelegate.swift; sourceTree = "<group>"; };
		3D63CE172055DB8B00ACC8C2 /* ActivitySetDelegate.swift */ = {isa = PBXFileReference; fileEncoding = 4; lastKnownFileType = sourcecode.swift; path = ActivitySetDelegate.swift; sourceTree = "<group>"; };
		3D63CE182055DB8B00ACC8C2 /* PracticeSetDelegate.swift */ = {isa = PBXFileReference; fileEncoding = 4; lastKnownFileType = sourcecode.swift; path = PracticeSetDelegate.swift; sourceTree = "<group>"; };
		3D63CE192055DB8C00ACC8C2 /* EvaluationSetDelegate.swift */ = {isa = PBXFileReference; fileEncoding = 4; lastKnownFileType = sourcecode.swift; path = EvaluationSetDelegate.swift; sourceTree = "<group>"; };
		3D63CE202055DBC700ACC8C2 /* Test.swift */ = {isa = PBXFileReference; fileEncoding = 4; lastKnownFileType = sourcecode.swift; path = Test.swift; sourceTree = "<group>"; };
		3DF1C416205D8A7C00A606C4 /* TimePickerTableViewCell.swift */ = {isa = PBXFileReference; lastKnownFileType = sourcecode.swift; path = TimePickerTableViewCell.swift; sourceTree = "<group>"; };
		3DF1C419205EA11400A606C4 /* Event.swift */ = {isa = PBXFileReference; lastKnownFileType = sourcecode.swift; path = Event.swift; sourceTree = "<group>"; };
		52DB6992205AB6A100D4D5F0 /* Patient.swift */ = {isa = PBXFileReference; fileEncoding = 4; lastKnownFileType = sourcecode.swift; path = Patient.swift; sourceTree = "<group>"; };
		52DB6994205AB86000D4D5F0 /* Factory.swift */ = {isa = PBXFileReference; fileEncoding = 4; lastKnownFileType = sourcecode.swift; path = Factory.swift; sourceTree = "<group>"; };
		52DB6996205ABABC00D4D5F0 /* DAOcoreDataTreatment.swift */ = {isa = PBXFileReference; fileEncoding = 4; lastKnownFileType = sourcecode.swift; path = DAOcoreDataTreatment.swift; sourceTree = "<group>"; };
/* End PBXFileReference section */

/* Begin PBXFrameworksBuildPhase section */
		3D63CDB72055D33900ACC8C2 /* Frameworks */ = {
			isa = PBXFrameworksBuildPhase;
			buildActionMask = 2147483647;
			files = (
			);
			runOnlyForDeploymentPostprocessing = 0;
		};
		3D63CDCE2055D33A00ACC8C2 /* Frameworks */ = {
			isa = PBXFrameworksBuildPhase;
			buildActionMask = 2147483647;
			files = (
			);
			runOnlyForDeploymentPostprocessing = 0;
		};
		3D63CDD92055D33A00ACC8C2 /* Frameworks */ = {
			isa = PBXFrameworksBuildPhase;
			buildActionMask = 2147483647;
			files = (
			);
			runOnlyForDeploymentPostprocessing = 0;
		};
/* End PBXFrameworksBuildPhase section */

/* Begin PBXGroup section */
		3D2597C820583E4A00D00716 /* DAO */ = {
			isa = PBXGroup;
			children = (
				3D2597C9205840F400D00716 /* DAOcoreDataActivity.swift */,
				52DB6996205ABABC00D4D5F0 /* DAOcoreDataTreatment.swift */,
				28D79D78205AD59E001C2BD7 /* DAOcoreDataAppointment.swift */,
			);
			path = DAO;
			sourceTree = "<group>";
		};
		3D63CDB12055D33900ACC8C2 = {
			isa = PBXGroup;
			children = (
				3D63CDBC2055D33900ACC8C2 /* parkinson */,
				3D63CDD42055D33A00ACC8C2 /* parkinsonTests */,
				3D63CDDF2055D33A00ACC8C2 /* parkinsonUITests */,
				3D63CDBB2055D33900ACC8C2 /* Products */,
			);
			sourceTree = "<group>";
		};
		3D63CDBB2055D33900ACC8C2 /* Products */ = {
			isa = PBXGroup;
			children = (
				3D63CDBA2055D33900ACC8C2 /* parkinson.app */,
				3D63CDD12055D33A00ACC8C2 /* parkinsonTests.xctest */,
				3D63CDDC2055D33A00ACC8C2 /* parkinsonUITests.xctest */,
			);
			name = Products;
			sourceTree = "<group>";
		};
		3D63CDBC2055D33900ACC8C2 /* parkinson */ = {
			isa = PBXGroup;
			children = (
				3D63CE202055DBC700ACC8C2 /* Test.swift */,
				3D2597C820583E4A00D00716 /* DAO */,
				3D63CE132055DB5000ACC8C2 /* Delegates */,
				3D63CDFA2055DA8600ACC8C2 /* Models */,
				3D63CDF22055D6E400ACC8C2 /* Views */,
				3D63CDEE2055D35100ACC8C2 /* Controllers */,
				3D63CDBD2055D33900ACC8C2 /* AppDelegate.swift */,
				3D63CDC12055D33900ACC8C2 /* Main.storyboard */,
				3D63CDC72055D33900ACC8C2 /* Assets.xcassets */,
				3D63CDC92055D33900ACC8C2 /* LaunchScreen.storyboard */,
				3D63CDCC2055D33900ACC8C2 /* Info.plist */,
				3D63CDC42055D33900ACC8C2 /* parkinson.xcdatamodeld */,
				52DB6992205AB6A100D4D5F0 /* Patient.swift */,
				52DB6994205AB86000D4D5F0 /* Factory.swift */,
			);
			path = parkinson;
			sourceTree = "<group>";
		};
		3D63CDD42055D33A00ACC8C2 /* parkinsonTests */ = {
			isa = PBXGroup;
			children = (
				3D63CDD52055D33A00ACC8C2 /* parkinsonTests.swift */,
				3D63CDD72055D33A00ACC8C2 /* Info.plist */,
			);
			path = parkinsonTests;
			sourceTree = "<group>";
		};
		3D63CDDF2055D33A00ACC8C2 /* parkinsonUITests */ = {
			isa = PBXGroup;
			children = (
				3D63CDE02055D33A00ACC8C2 /* parkinsonUITests.swift */,
				3D63CDE22055D33A00ACC8C2 /* Info.plist */,
			);
			path = parkinsonUITests;
			sourceTree = "<group>";
		};
		3D63CDEE2055D35100ACC8C2 /* Controllers */ = {
			isa = PBXGroup;
			children = (
				3D63CDBF2055D33900ACC8C2 /* ViewController.swift */,
				3D63CDEF2055D36800ACC8C2 /* Activity */,
				3D464FAC205C589400BF8A53 /* TabBarController.swift */,
			);
			path = Controllers;
			sourceTree = "<group>";
		};
		3D63CDEF2055D36800ACC8C2 /* Activity */ = {
			isa = PBXGroup;
			children = (
				3D2597C420573B1400D00716 /* ActivitiesViewController.swift */,
				3D2597CB205C429100D00716 /* ActivityPeriodiciyViewController.swift */,
				3D22A1CD205D4BE200DE0F75 /* ActivitiesTableViewController.swift */,
			);
			path = Activity;
			sourceTree = "<group>";
		};
		3D63CDF22055D6E400ACC8C2 /* Views */ = {
			isa = PBXGroup;
			children = (
				3D63CDF32055D73A00ACC8C2 /* Activity */,
			);
			path = Views;
			sourceTree = "<group>";
		};
		3D63CDF32055D73A00ACC8C2 /* Activity */ = {
			isa = PBXGroup;
			children = (
				3D22A1D0205D4C4700DE0F75 /* ActivityTableViewCell.swift */,
				3DF1C416205D8A7C00A606C4 /* TimePickerTableViewCell.swift */,
			);
			path = Activity;
			sourceTree = "<group>";
		};
		3D63CDFA2055DA8600ACC8C2 /* Models */ = {
			isa = PBXGroup;
			children = (
				3D63CE032055DB0200ACC8C2 /* Activity.swift */,
				3D63CE042055DB0200ACC8C2 /* ActivitySet.swift */,
				3D63CDFE2055DB0100ACC8C2 /* Appointment.swift */,
				3D63CE022055DB0100ACC8C2 /* AppointmentSet.swift */,
				3D63CDFC2055DB0100ACC8C2 /* Dose.swift */,
				3D63CDFF2055DB0100ACC8C2 /* DoseSet.swift */,
				3D63CE002055DB0100ACC8C2 /* Evaluation.swift */,
				3D63CE062055DB0200ACC8C2 /* Practice.swift */,
				3D63CDFB2055DB0100ACC8C2 /* PracticesSet.swift */,
				3D63CE012055DB0100ACC8C2 /* State.swift */,
				3D63CDFD2055DB0100ACC8C2 /* Treatment.swift */,
				3D63CE052055DB0200ACC8C2 /* TreatmentSet.swift */,
				28C1E71A2058236100368EF0 /* DailyDose.swift */,
				284CE4BD205AFAE6000551AD /* TypeOfState.swift */,
				283FF7B3205C2C980038029C /* EvaluationSet.swift */,
				3DF1C419205EA11400A606C4 /* Event.swift */,
			);
			path = Models;
			sourceTree = "<group>";
		};
		3D63CE132055DB5000ACC8C2 /* Delegates */ = {
			isa = PBXGroup;
			children = (
				3D63CE172055DB8B00ACC8C2 /* ActivitySetDelegate.swift */,
				3D63CE162055DB8B00ACC8C2 /* AppointmentSetDelegate.swift */,
				3D63CE142055DB8B00ACC8C2 /* DoseSetDelegate.swift */,
				3D63CE192055DB8C00ACC8C2 /* EvaluationSetDelegate.swift */,
				3D63CE182055DB8B00ACC8C2 /* PracticeSetDelegate.swift */,
				3D63CE152055DB8B00ACC8C2 /* TreatmentSetDelegate.swift */,
				28D79D71205ACEE3001C2BD7 /* DAOactivityProtocol.swift */,
				28D79D73205ACEF9001C2BD7 /* DAOtreatmentProtocol.swift */,
				28D79D75205AD081001C2BD7 /* DAOappointmentProtocol.swift */,
			);
			path = Delegates;
			sourceTree = "<group>";
		};
/* End PBXGroup section */

/* Begin PBXNativeTarget section */
		3D63CDB92055D33900ACC8C2 /* parkinson */ = {
			isa = PBXNativeTarget;
			buildConfigurationList = 3D63CDE52055D33A00ACC8C2 /* Build configuration list for PBXNativeTarget "parkinson" */;
			buildPhases = (
				3D63CDB62055D33900ACC8C2 /* Sources */,
				3D63CDB72055D33900ACC8C2 /* Frameworks */,
				3D63CDB82055D33900ACC8C2 /* Resources */,
			);
			buildRules = (
			);
			dependencies = (
			);
			name = parkinson;
			productName = parkinson;
			productReference = 3D63CDBA2055D33900ACC8C2 /* parkinson.app */;
			productType = "com.apple.product-type.application";
		};
		3D63CDD02055D33A00ACC8C2 /* parkinsonTests */ = {
			isa = PBXNativeTarget;
			buildConfigurationList = 3D63CDE82055D33A00ACC8C2 /* Build configuration list for PBXNativeTarget "parkinsonTests" */;
			buildPhases = (
				3D63CDCD2055D33A00ACC8C2 /* Sources */,
				3D63CDCE2055D33A00ACC8C2 /* Frameworks */,
				3D63CDCF2055D33A00ACC8C2 /* Resources */,
			);
			buildRules = (
			);
			dependencies = (
				3D63CDD32055D33A00ACC8C2 /* PBXTargetDependency */,
			);
			name = parkinsonTests;
			productName = parkinsonTests;
			productReference = 3D63CDD12055D33A00ACC8C2 /* parkinsonTests.xctest */;
			productType = "com.apple.product-type.bundle.unit-test";
		};
		3D63CDDB2055D33A00ACC8C2 /* parkinsonUITests */ = {
			isa = PBXNativeTarget;
			buildConfigurationList = 3D63CDEB2055D33A00ACC8C2 /* Build configuration list for PBXNativeTarget "parkinsonUITests" */;
			buildPhases = (
				3D63CDD82055D33A00ACC8C2 /* Sources */,
				3D63CDD92055D33A00ACC8C2 /* Frameworks */,
				3D63CDDA2055D33A00ACC8C2 /* Resources */,
			);
			buildRules = (
			);
			dependencies = (
				3D63CDDE2055D33A00ACC8C2 /* PBXTargetDependency */,
			);
			name = parkinsonUITests;
			productName = parkinsonUITests;
			productReference = 3D63CDDC2055D33A00ACC8C2 /* parkinsonUITests.xctest */;
			productType = "com.apple.product-type.bundle.ui-testing";
		};
/* End PBXNativeTarget section */

/* Begin PBXProject section */
		3D63CDB22055D33900ACC8C2 /* Project object */ = {
			isa = PBXProject;
			attributes = {
				LastSwiftUpdateCheck = 0920;
				LastUpgradeCheck = 0920;
				ORGANIZATIONNAME = "Mégane WINTZ";
				TargetAttributes = {
					3D63CDB92055D33900ACC8C2 = {
						CreatedOnToolsVersion = 9.2;
						ProvisioningStyle = Automatic;
					};
					3D63CDD02055D33A00ACC8C2 = {
						CreatedOnToolsVersion = 9.2;
						ProvisioningStyle = Automatic;
						TestTargetID = 3D63CDB92055D33900ACC8C2;
					};
					3D63CDDB2055D33A00ACC8C2 = {
						CreatedOnToolsVersion = 9.2;
						ProvisioningStyle = Automatic;
						TestTargetID = 3D63CDB92055D33900ACC8C2;
					};
				};
			};
			buildConfigurationList = 3D63CDB52055D33900ACC8C2 /* Build configuration list for PBXProject "parkinson" */;
			compatibilityVersion = "Xcode 8.0";
			developmentRegion = en;
			hasScannedForEncodings = 0;
			knownRegions = (
				en,
				Base,
			);
			mainGroup = 3D63CDB12055D33900ACC8C2;
			productRefGroup = 3D63CDBB2055D33900ACC8C2 /* Products */;
			projectDirPath = "";
			projectRoot = "";
			targets = (
				3D63CDB92055D33900ACC8C2 /* parkinson */,
				3D63CDD02055D33A00ACC8C2 /* parkinsonTests */,
				3D63CDDB2055D33A00ACC8C2 /* parkinsonUITests */,
			);
		};
/* End PBXProject section */

/* Begin PBXResourcesBuildPhase section */
		3D63CDB82055D33900ACC8C2 /* Resources */ = {
			isa = PBXResourcesBuildPhase;
			buildActionMask = 2147483647;
			files = (
				3D63CDCB2055D33900ACC8C2 /* LaunchScreen.storyboard in Resources */,
				3D63CDC82055D33900ACC8C2 /* Assets.xcassets in Resources */,
				3D63CDC32055D33900ACC8C2 /* Main.storyboard in Resources */,
			);
			runOnlyForDeploymentPostprocessing = 0;
		};
		3D63CDCF2055D33A00ACC8C2 /* Resources */ = {
			isa = PBXResourcesBuildPhase;
			buildActionMask = 2147483647;
			files = (
			);
			runOnlyForDeploymentPostprocessing = 0;
		};
		3D63CDDA2055D33A00ACC8C2 /* Resources */ = {
			isa = PBXResourcesBuildPhase;
			buildActionMask = 2147483647;
			files = (
			);
			runOnlyForDeploymentPostprocessing = 0;
		};
/* End PBXResourcesBuildPhase section */

/* Begin PBXSourcesBuildPhase section */
		3D63CDB62055D33900ACC8C2 /* Sources */ = {
			isa = PBXSourcesBuildPhase;
			buildActionMask = 2147483647;
			files = (
				3D63CE1A2055DB8C00ACC8C2 /* DoseSetDelegate.swift in Sources */,
				3D63CE122055DB0200ACC8C2 /* Practice.swift in Sources */,
				28C1E71B2058236100368EF0 /* DailyDose.swift in Sources */,
				3D63CE0F2055DB0200ACC8C2 /* Activity.swift in Sources */,
				3D63CE0E2055DB0200ACC8C2 /* AppointmentSet.swift in Sources */,
				3DF1C417205D8A7C00A606C4 /* TimePickerTableViewCell.swift in Sources */,
				52DB6995205AB86000D4D5F0 /* Factory.swift in Sources */,
				283FF7B4205C2C980038029C /* EvaluationSet.swift in Sources */,
				3D63CE082055DB0200ACC8C2 /* Dose.swift in Sources */,
				3D63CE112055DB0200ACC8C2 /* TreatmentSet.swift in Sources */,
				52DB6997205ABABC00D4D5F0 /* DAOcoreDataTreatment.swift in Sources */,
				3D63CDC02055D33900ACC8C2 /* ViewController.swift in Sources */,
				3D63CE072055DB0200ACC8C2 /* PracticesSet.swift in Sources */,
				3D63CE1B2055DB8C00ACC8C2 /* TreatmentSetDelegate.swift in Sources */,
				3D63CE1C2055DB8C00ACC8C2 /* AppointmentSetDelegate.swift in Sources */,
				3D63CE1E2055DB8C00ACC8C2 /* PracticeSetDelegate.swift in Sources */,
				3D2597CA205840F400D00716 /* DAOcoreDataActivity.swift in Sources */,
				3D22A1D1205D4C4700DE0F75 /* ActivityTableViewCell.swift in Sources */,
				28D79D74205ACEF9001C2BD7 /* DAOtreatmentProtocol.swift in Sources */,
				3D63CE102055DB0200ACC8C2 /* ActivitySet.swift in Sources */,
				3D22A1CE205D4BE200DE0F75 /* ActivitiesTableViewController.swift in Sources */,
				28D79D79205AD59E001C2BD7 /* DAOcoreDataAppointment.swift in Sources */,
				3D63CE0C2055DB0200ACC8C2 /* Evaluation.swift in Sources */,
				3D2597C520573B1400D00716 /* ActivitiesViewController.swift in Sources */,
				3D63CE1F2055DB8C00ACC8C2 /* EvaluationSetDelegate.swift in Sources */,
				3D63CE092055DB0200ACC8C2 /* Treatment.swift in Sources */,
				3D63CE0B2055DB0200ACC8C2 /* DoseSet.swift in Sources */,
				3DF1C41A205EA11400A606C4 /* Event.swift in Sources */,
				3D63CE212055DBC700ACC8C2 /* Test.swift in Sources */,
				3D63CE0D2055DB0200ACC8C2 /* State.swift in Sources */,
				3D63CDBE2055D33900ACC8C2 /* AppDelegate.swift in Sources */,
				3D464FAD205C589400BF8A53 /* TabBarController.swift in Sources */,
				3D63CDC62055D33900ACC8C2 /* parkinson.xcdatamodeld in Sources */,
				284CE4BE205AFAE6000551AD /* TypeOfState.swift in Sources */,
				28D79D76205AD081001C2BD7 /* DAOappointmentProtocol.swift in Sources */,
				3D2597CC205C429100D00716 /* ActivityPeriodiciyViewController.swift in Sources */,
				52DB6993205AB6A100D4D5F0 /* Patient.swift in Sources */,
				28D79D72205ACEE3001C2BD7 /* DAOactivityProtocol.swift in Sources */,
				3D63CE1D2055DB8C00ACC8C2 /* ActivitySetDelegate.swift in Sources */,
				3D63CE0A2055DB0200ACC8C2 /* Appointment.swift in Sources */,
			);
			runOnlyForDeploymentPostprocessing = 0;
		};
		3D63CDCD2055D33A00ACC8C2 /* Sources */ = {
			isa = PBXSourcesBuildPhase;
			buildActionMask = 2147483647;
			files = (
				3D63CDD62055D33A00ACC8C2 /* parkinsonTests.swift in Sources */,
			);
			runOnlyForDeploymentPostprocessing = 0;
		};
		3D63CDD82055D33A00ACC8C2 /* Sources */ = {
			isa = PBXSourcesBuildPhase;
			buildActionMask = 2147483647;
			files = (
				284CE4B1205AF96B000551AD /* Patient.swift in Sources */,
				284CE4AD205AF94E000551AD /* PracticesSet.swift in Sources */,
				284CE4B6205AF99F000551AD /* DoseSetDelegate.swift in Sources */,
				284CE4AC205AF94B000551AD /* Practice.swift in Sources */,
				28C1E71C2058236100368EF0 /* DailyDose.swift in Sources */,
				3DF1C418205D8A7C00A606C4 /* TimePickerTableViewCell.swift in Sources */,
				284CE4BA205AF9B5000551AD /* DAOactivityProtocol.swift in Sources */,
				283FF7B5205C2C980038029C /* EvaluationSet.swift in Sources */,
				28D79D7A205AD59E001C2BD7 /* DAOcoreDataAppointment.swift in Sources */,
				284CE4B3205AF97E000551AD /* DAOcoreDataActivity.swift in Sources */,
				284CE4A7205AF939000551AD /* Activity.swift in Sources */,
				284CE4AE205AF955000551AD /* State.swift in Sources */,
				284CE4B4205AF982000551AD /* DAOcoreDataTreatment.swift in Sources */,
				284CE4BB205AF9B9000551AD /* DAOtreatmentProtocol.swift in Sources */,
				284CE4BC205AF9BC000551AD /* DAOappointmentProtocol.swift in Sources */,
				283FF7B2205C0EF20038029C /* ActivitiesViewController.swift in Sources */,
				284CE4A4205AF8F6000551AD /* AppointmentSet.swift in Sources */,
				284CE4A6205AF920000551AD /* AppointmentSetDelegate.swift in Sources */,
				284CE4BF205AFAE6000551AD /* TypeOfState.swift in Sources */,
				284CE4AF205AF960000551AD /* Treatment.swift in Sources */,
				284CE4B7205AF9A3000551AD /* EvaluationSetDelegate.swift in Sources */,
				283FF7B0205C0C5F0038029C /* AppDelegate.swift in Sources */,
				283FF7B1205C0E880038029C /* parkinson.xcdatamodeld in Sources */,
				284CE4AA205AF946000551AD /* DoseSet.swift in Sources */,
				284CE4A8205AF93C000551AD /* ActivitySet.swift in Sources */,
				284CE4B5205AF99A000551AD /* ActivitySetDelegate.swift in Sources */,
				284CE4A9205AF943000551AD /* Dose.swift in Sources */,
				284CE4B9205AF9AF000551AD /* TreatmentSetDelegate.swift in Sources */,
				3D63CDE12055D33A00ACC8C2 /* parkinsonUITests.swift in Sources */,
				284CE4B2205AF96F000551AD /* Factory.swift in Sources */,
				284CE4B0205AF963000551AD /* TreatmentSet.swift in Sources */,
				284CE4AB205AF949000551AD /* Evaluation.swift in Sources */,
				284CE4B8205AF9A6000551AD /* PracticeSetDelegate.swift in Sources */,
				3D22A1D2205D4C4700DE0F75 /* ActivityTableViewCell.swift in Sources */,
				3D22A1CF205D4BE200DE0F75 /* ActivitiesTableViewController.swift in Sources */,
				284CE4A5205AF902000551AD /* Appointment.swift in Sources */,
				3DF1C41B205EA11400A606C4 /* Event.swift in Sources */,
			);
			runOnlyForDeploymentPostprocessing = 0;
		};
/* End PBXSourcesBuildPhase section */

/* Begin PBXTargetDependency section */
		3D63CDD32055D33A00ACC8C2 /* PBXTargetDependency */ = {
			isa = PBXTargetDependency;
			target = 3D63CDB92055D33900ACC8C2 /* parkinson */;
			targetProxy = 3D63CDD22055D33A00ACC8C2 /* PBXContainerItemProxy */;
		};
		3D63CDDE2055D33A00ACC8C2 /* PBXTargetDependency */ = {
			isa = PBXTargetDependency;
			target = 3D63CDB92055D33900ACC8C2 /* parkinson */;
			targetProxy = 3D63CDDD2055D33A00ACC8C2 /* PBXContainerItemProxy */;
		};
/* End PBXTargetDependency section */

/* Begin PBXVariantGroup section */
		3D63CDC12055D33900ACC8C2 /* Main.storyboard */ = {
			isa = PBXVariantGroup;
			children = (
				3D63CDC22055D33900ACC8C2 /* Base */,
			);
			name = Main.storyboard;
			sourceTree = "<group>";
		};
		3D63CDC92055D33900ACC8C2 /* LaunchScreen.storyboard */ = {
			isa = PBXVariantGroup;
			children = (
				3D63CDCA2055D33900ACC8C2 /* Base */,
			);
			name = LaunchScreen.storyboard;
			sourceTree = "<group>";
		};
/* End PBXVariantGroup section */

/* Begin XCBuildConfiguration section */
		3D63CDE32055D33A00ACC8C2 /* Debug */ = {
			isa = XCBuildConfiguration;
			buildSettings = {
				ALWAYS_SEARCH_USER_PATHS = NO;
				CLANG_ANALYZER_NONNULL = YES;
				CLANG_ANALYZER_NUMBER_OBJECT_CONVERSION = YES_AGGRESSIVE;
				CLANG_CXX_LANGUAGE_STANDARD = "gnu++14";
				CLANG_CXX_LIBRARY = "libc++";
				CLANG_ENABLE_MODULES = YES;
				CLANG_ENABLE_OBJC_ARC = YES;
				CLANG_WARN_BLOCK_CAPTURE_AUTORELEASING = YES;
				CLANG_WARN_BOOL_CONVERSION = YES;
				CLANG_WARN_COMMA = YES;
				CLANG_WARN_CONSTANT_CONVERSION = YES;
				CLANG_WARN_DIRECT_OBJC_ISA_USAGE = YES_ERROR;
				CLANG_WARN_DOCUMENTATION_COMMENTS = YES;
				CLANG_WARN_EMPTY_BODY = YES;
				CLANG_WARN_ENUM_CONVERSION = YES;
				CLANG_WARN_INFINITE_RECURSION = YES;
				CLANG_WARN_INT_CONVERSION = YES;
				CLANG_WARN_NON_LITERAL_NULL_CONVERSION = YES;
				CLANG_WARN_OBJC_LITERAL_CONVERSION = YES;
				CLANG_WARN_OBJC_ROOT_CLASS = YES_ERROR;
				CLANG_WARN_RANGE_LOOP_ANALYSIS = YES;
				CLANG_WARN_STRICT_PROTOTYPES = YES;
				CLANG_WARN_SUSPICIOUS_MOVE = YES;
				CLANG_WARN_UNGUARDED_AVAILABILITY = YES_AGGRESSIVE;
				CLANG_WARN_UNREACHABLE_CODE = YES;
				CLANG_WARN__DUPLICATE_METHOD_MATCH = YES;
				CODE_SIGN_IDENTITY = "iPhone Developer";
				COPY_PHASE_STRIP = NO;
				DEBUG_INFORMATION_FORMAT = dwarf;
				ENABLE_STRICT_OBJC_MSGSEND = YES;
				ENABLE_TESTABILITY = YES;
				GCC_C_LANGUAGE_STANDARD = gnu11;
				GCC_DYNAMIC_NO_PIC = NO;
				GCC_NO_COMMON_BLOCKS = YES;
				GCC_OPTIMIZATION_LEVEL = 0;
				GCC_PREPROCESSOR_DEFINITIONS = (
					"DEBUG=1",
					"$(inherited)",
				);
				GCC_WARN_64_TO_32_BIT_CONVERSION = YES;
				GCC_WARN_ABOUT_RETURN_TYPE = YES_ERROR;
				GCC_WARN_UNDECLARED_SELECTOR = YES;
				GCC_WARN_UNINITIALIZED_AUTOS = YES_AGGRESSIVE;
				GCC_WARN_UNUSED_FUNCTION = YES;
				GCC_WARN_UNUSED_VARIABLE = YES;
				IPHONEOS_DEPLOYMENT_TARGET = 11.2;
				MTL_ENABLE_DEBUG_INFO = YES;
				ONLY_ACTIVE_ARCH = YES;
				SDKROOT = iphoneos;
				SWIFT_ACTIVE_COMPILATION_CONDITIONS = DEBUG;
				SWIFT_OPTIMIZATION_LEVEL = "-Onone";
			};
			name = Debug;
		};
		3D63CDE42055D33A00ACC8C2 /* Release */ = {
			isa = XCBuildConfiguration;
			buildSettings = {
				ALWAYS_SEARCH_USER_PATHS = NO;
				CLANG_ANALYZER_NONNULL = YES;
				CLANG_ANALYZER_NUMBER_OBJECT_CONVERSION = YES_AGGRESSIVE;
				CLANG_CXX_LANGUAGE_STANDARD = "gnu++14";
				CLANG_CXX_LIBRARY = "libc++";
				CLANG_ENABLE_MODULES = YES;
				CLANG_ENABLE_OBJC_ARC = YES;
				CLANG_WARN_BLOCK_CAPTURE_AUTORELEASING = YES;
				CLANG_WARN_BOOL_CONVERSION = YES;
				CLANG_WARN_COMMA = YES;
				CLANG_WARN_CONSTANT_CONVERSION = YES;
				CLANG_WARN_DIRECT_OBJC_ISA_USAGE = YES_ERROR;
				CLANG_WARN_DOCUMENTATION_COMMENTS = YES;
				CLANG_WARN_EMPTY_BODY = YES;
				CLANG_WARN_ENUM_CONVERSION = YES;
				CLANG_WARN_INFINITE_RECURSION = YES;
				CLANG_WARN_INT_CONVERSION = YES;
				CLANG_WARN_NON_LITERAL_NULL_CONVERSION = YES;
				CLANG_WARN_OBJC_LITERAL_CONVERSION = YES;
				CLANG_WARN_OBJC_ROOT_CLASS = YES_ERROR;
				CLANG_WARN_RANGE_LOOP_ANALYSIS = YES;
				CLANG_WARN_STRICT_PROTOTYPES = YES;
				CLANG_WARN_SUSPICIOUS_MOVE = YES;
				CLANG_WARN_UNGUARDED_AVAILABILITY = YES_AGGRESSIVE;
				CLANG_WARN_UNREACHABLE_CODE = YES;
				CLANG_WARN__DUPLICATE_METHOD_MATCH = YES;
				CODE_SIGN_IDENTITY = "iPhone Developer";
				COPY_PHASE_STRIP = NO;
				DEBUG_INFORMATION_FORMAT = "dwarf-with-dsym";
				ENABLE_NS_ASSERTIONS = NO;
				ENABLE_STRICT_OBJC_MSGSEND = YES;
				GCC_C_LANGUAGE_STANDARD = gnu11;
				GCC_NO_COMMON_BLOCKS = YES;
				GCC_WARN_64_TO_32_BIT_CONVERSION = YES;
				GCC_WARN_ABOUT_RETURN_TYPE = YES_ERROR;
				GCC_WARN_UNDECLARED_SELECTOR = YES;
				GCC_WARN_UNINITIALIZED_AUTOS = YES_AGGRESSIVE;
				GCC_WARN_UNUSED_FUNCTION = YES;
				GCC_WARN_UNUSED_VARIABLE = YES;
				IPHONEOS_DEPLOYMENT_TARGET = 11.2;
				MTL_ENABLE_DEBUG_INFO = NO;
				SDKROOT = iphoneos;
				SWIFT_OPTIMIZATION_LEVEL = "-Owholemodule";
				VALIDATE_PRODUCT = YES;
			};
			name = Release;
		};
		3D63CDE62055D33A00ACC8C2 /* Debug */ = {
			isa = XCBuildConfiguration;
			buildSettings = {
				ASSETCATALOG_COMPILER_APPICON_NAME = AppIcon;
				CODE_SIGN_STYLE = Automatic;
				DEVELOPMENT_TEAM = CNEDGC33HN;
				INFOPLIST_FILE = parkinson/Info.plist;
				LD_RUNPATH_SEARCH_PATHS = "$(inherited) @executable_path/Frameworks";
				PRODUCT_BUNDLE_IDENTIFIER = megane.parkinson;
				PRODUCT_NAME = "$(TARGET_NAME)";
				SWIFT_VERSION = 4.0;
				TARGETED_DEVICE_FAMILY = "1,2";
			};
			name = Debug;
		};
		3D63CDE72055D33A00ACC8C2 /* Release */ = {
			isa = XCBuildConfiguration;
			buildSettings = {
				ASSETCATALOG_COMPILER_APPICON_NAME = AppIcon;
				CODE_SIGN_STYLE = Automatic;
				DEVELOPMENT_TEAM = CNEDGC33HN;
				INFOPLIST_FILE = parkinson/Info.plist;
				LD_RUNPATH_SEARCH_PATHS = "$(inherited) @executable_path/Frameworks";
				PRODUCT_BUNDLE_IDENTIFIER = megane.parkinson;
				PRODUCT_NAME = "$(TARGET_NAME)";
				SWIFT_VERSION = 4.0;
				TARGETED_DEVICE_FAMILY = "1,2";
			};
			name = Release;
		};
		3D63CDE92055D33A00ACC8C2 /* Debug */ = {
			isa = XCBuildConfiguration;
			buildSettings = {
				ALWAYS_EMBED_SWIFT_STANDARD_LIBRARIES = YES;
				BUNDLE_LOADER = "$(TEST_HOST)";
				CODE_SIGN_STYLE = Automatic;
				DEVELOPMENT_TEAM = CNEDGC33HN;
				INFOPLIST_FILE = parkinsonTests/Info.plist;
				LD_RUNPATH_SEARCH_PATHS = "$(inherited) @executable_path/Frameworks @loader_path/Frameworks";
				PRODUCT_BUNDLE_IDENTIFIER = megane.parkinsonTests;
				PRODUCT_NAME = "$(TARGET_NAME)";
				SWIFT_VERSION = 4.0;
				TARGETED_DEVICE_FAMILY = "1,2";
				TEST_HOST = "$(BUILT_PRODUCTS_DIR)/parkinson.app/parkinson";
			};
			name = Debug;
		};
		3D63CDEA2055D33A00ACC8C2 /* Release */ = {
			isa = XCBuildConfiguration;
			buildSettings = {
				ALWAYS_EMBED_SWIFT_STANDARD_LIBRARIES = YES;
				BUNDLE_LOADER = "$(TEST_HOST)";
				CODE_SIGN_STYLE = Automatic;
				DEVELOPMENT_TEAM = CNEDGC33HN;
				INFOPLIST_FILE = parkinsonTests/Info.plist;
				LD_RUNPATH_SEARCH_PATHS = "$(inherited) @executable_path/Frameworks @loader_path/Frameworks";
				PRODUCT_BUNDLE_IDENTIFIER = megane.parkinsonTests;
				PRODUCT_NAME = "$(TARGET_NAME)";
				SWIFT_VERSION = 4.0;
				TARGETED_DEVICE_FAMILY = "1,2";
				TEST_HOST = "$(BUILT_PRODUCTS_DIR)/parkinson.app/parkinson";
			};
			name = Release;
		};
		3D63CDEC2055D33A00ACC8C2 /* Debug */ = {
			isa = XCBuildConfiguration;
			buildSettings = {
				ALWAYS_EMBED_SWIFT_STANDARD_LIBRARIES = YES;
				CODE_SIGN_STYLE = Automatic;
				DEVELOPMENT_TEAM = CNEDGC33HN;
				INFOPLIST_FILE = parkinsonUITests/Info.plist;
				IPHONEOS_DEPLOYMENT_TARGET = 10.3;
				LD_RUNPATH_SEARCH_PATHS = "$(inherited) @executable_path/Frameworks @loader_path/Frameworks";
				PRODUCT_BUNDLE_IDENTIFIER = megane.parkinsonUITests;
				PRODUCT_NAME = "$(TARGET_NAME)";
				SWIFT_VERSION = 4.0;
				TARGETED_DEVICE_FAMILY = "1,2";
				TEST_TARGET_NAME = parkinson;
			};
			name = Debug;
		};
		3D63CDED2055D33A00ACC8C2 /* Release */ = {
			isa = XCBuildConfiguration;
			buildSettings = {
				ALWAYS_EMBED_SWIFT_STANDARD_LIBRARIES = YES;
				CODE_SIGN_STYLE = Automatic;
				DEVELOPMENT_TEAM = CNEDGC33HN;
				INFOPLIST_FILE = parkinsonUITests/Info.plist;
				IPHONEOS_DEPLOYMENT_TARGET = 10.3;
				LD_RUNPATH_SEARCH_PATHS = "$(inherited) @executable_path/Frameworks @loader_path/Frameworks";
				PRODUCT_BUNDLE_IDENTIFIER = megane.parkinsonUITests;
				PRODUCT_NAME = "$(TARGET_NAME)";
				SWIFT_VERSION = 4.0;
				TARGETED_DEVICE_FAMILY = "1,2";
				TEST_TARGET_NAME = parkinson;
			};
			name = Release;
		};
/* End XCBuildConfiguration section */

/* Begin XCConfigurationList section */
		3D63CDB52055D33900ACC8C2 /* Build configuration list for PBXProject "parkinson" */ = {
			isa = XCConfigurationList;
			buildConfigurations = (
				3D63CDE32055D33A00ACC8C2 /* Debug */,
				3D63CDE42055D33A00ACC8C2 /* Release */,
			);
			defaultConfigurationIsVisible = 0;
			defaultConfigurationName = Release;
		};
		3D63CDE52055D33A00ACC8C2 /* Build configuration list for PBXNativeTarget "parkinson" */ = {
			isa = XCConfigurationList;
			buildConfigurations = (
				3D63CDE62055D33A00ACC8C2 /* Debug */,
				3D63CDE72055D33A00ACC8C2 /* Release */,
			);
			defaultConfigurationIsVisible = 0;
			defaultConfigurationName = Release;
		};
		3D63CDE82055D33A00ACC8C2 /* Build configuration list for PBXNativeTarget "parkinsonTests" */ = {
			isa = XCConfigurationList;
			buildConfigurations = (
				3D63CDE92055D33A00ACC8C2 /* Debug */,
				3D63CDEA2055D33A00ACC8C2 /* Release */,
			);
			defaultConfigurationIsVisible = 0;
			defaultConfigurationName = Release;
		};
		3D63CDEB2055D33A00ACC8C2 /* Build configuration list for PBXNativeTarget "parkinsonUITests" */ = {
			isa = XCConfigurationList;
			buildConfigurations = (
				3D63CDEC2055D33A00ACC8C2 /* Debug */,
				3D63CDED2055D33A00ACC8C2 /* Release */,
			);
			defaultConfigurationIsVisible = 0;
			defaultConfigurationName = Release;
		};
/* End XCConfigurationList section */

/* Begin XCVersionGroup section */
		3D63CDC42055D33900ACC8C2 /* parkinson.xcdatamodeld */ = {
			isa = XCVersionGroup;
			children = (
				3D63CDC52055D33900ACC8C2 /* parkinson.xcdatamodel */,
			);
			currentVersion = 3D63CDC52055D33900ACC8C2 /* parkinson.xcdatamodel */;
			path = parkinson.xcdatamodeld;
			sourceTree = "<group>";
			versionGroupType = wrapper.xcdatamodel;
		};
/* End XCVersionGroup section */
	};
	rootObject = 3D63CDB22055D33900ACC8C2 /* Project object */;
}
